
Microsoft Visual Studio Solution File, Format Version 12.00
# Visual Studio Version 16
VisualStudioVersion = 16.0.30413.136
MinimumVisualStudioVersion = 10.0.40219.1
Project("{FAE04EC0-301F-11D3-BF4B-00C04F79EFBC}") = "wCasaDeCambios", "wCasaDeCambios.csproj", "{9D34C77A-DD44-4FA3-872B-2F64364AE2EC}"
EndProject
Global
	GlobalSection(SolutionConfigurationPlatforms) = preSolution
		Debug|Any CPU = Debug|Any CPU
		Release|Any CPU = Release|Any CPU
	EndGlobalSection
	GlobalSection(ProjectConfigurationPlatforms) = postSolution
		{9D34C77A-DD44-4FA3-872B-2F64364AE2EC}.Debug|Any CPU.ActiveCfg = Debug|Any CPU
		{9D34C77A-DD44-4FA3-872B-2F64364AE2EC}.Debug|Any CPU.Build.0 = Debug|Any CPU
		{9D34C77A-DD44-4FA3-872B-2F64364AE2EC}.Release|Any CPU.ActiveCfg = Release|Any CPU
		{9D34C77A-DD44-4FA3-872B-2F64364AE2EC}.Release|Any CPU.Build.0 = Release|Any CPU
	EndGlobalSection
	GlobalSection(SolutionProperties) = preSolution
		HideSolutionNode = FALSE
	EndGlobalSection
	GlobalSection(ExtensibilityGlobals) = postSolution
		SolutionGuid = {A7BBE993-62BD-4981-B305-87562DB959BF}
	EndGlobalSection
EndGlobal
